
Microsoft Visual Studio Solution File, Format Version 12.00
# Visual Studio Version 16
VisualStudioVersion = 16.0.29911.84
MinimumVisualStudioVersion = 10.0.40219.1
Project("{8BC9CEB8-8B4A-11D0-8D11-00A0C91BC942}") = "part 1", "part 1\part 1.vcxproj", "{7926496D-52EE-4006-B867-AAC78D6E2544}"
EndProject
Project("{8BC9CEB8-8B4A-11D0-8D11-00A0C91BC942}") = "ref vs pointer", "ref vs pointer\ref vs pointer.vcxproj", "{3F0D9537-646D-4CC8-9A1A-ECF99A769F5B}"
EndProject
Global
	GlobalSection(SolutionConfigurationPlatforms) = preSolution
		Debug|x64 = Debug|x64
		Debug|x86 = Debug|x86
		Release|x64 = Release|x64
		Release|x86 = Release|x86
	EndGlobalSection
	GlobalSection(ProjectConfigurationPlatforms) = postSolution
		{7926496D-52EE-4006-B867-AAC78D6E2544}.Debug|x64.ActiveCfg = Debug|x64
		{7926496D-52EE-4006-B867-AAC78D6E2544}.Debug|x64.Build.0 = Debug|x64
		{7926496D-52EE-4006-B867-AAC78D6E2544}.Debug|x86.ActiveCfg = Debug|Win32
		{7926496D-52EE-4006-B867-AAC78D6E2544}.Debug|x86.Build.0 = Debug|Win32
		{7926496D-52EE-4006-B867-AAC78D6E2544}.Release|x64.ActiveCfg = Release|x64
		{7926496D-52EE-4006-B867-AAC78D6E2544}.Release|x64.Build.0 = Release|x64
		{7926496D-52EE-4006-B867-AAC78D6E2544}.Release|x86.ActiveCfg = Release|Win32
		{7926496D-52EE-4006-B867-AAC78D6E2544}.Release|x86.Build.0 = Release|Win32
		{3F0D9537-646D-4CC8-9A1A-ECF99A769F5B}.Debug|x64.ActiveCfg = Debug|x64
		{3F0D9537-646D-4CC8-9A1A-ECF99A769F5B}.Debug|x64.Build.0 = Debug|x64
		{3F0D9537-646D-4CC8-9A1A-ECF99A769F5B}.Debug|x86.ActiveCfg = Debug|Win32
		{3F0D9537-646D-4CC8-9A1A-ECF99A769F5B}.Debug|x86.Build.0 = Debug|Win32
		{3F0D9537-646D-4CC8-9A1A-ECF99A769F5B}.Release|x64.ActiveCfg = Release|x64
		{3F0D9537-646D-4CC8-9A1A-ECF99A769F5B}.Release|x64.Build.0 = Release|x64
		{3F0D9537-646D-4CC8-9A1A-ECF99A769F5B}.Release|x86.ActiveCfg = Release|Win32
		{3F0D9537-646D-4CC8-9A1A-ECF99A769F5B}.Release|x86.Build.0 = Release|Win32
	EndGlobalSection
	GlobalSection(SolutionProperties) = preSolution
		HideSolutionNode = FALSE
	EndGlobalSection
	GlobalSection(ExtensibilityGlobals) = postSolution
		SolutionGuid = {A3A9C044-001D-4F16-8F1F-28D25323F135}
	EndGlobalSection
EndGlobal
